
Microsoft Visual Studio Solution File, Format Version 12.00
# Visual Studio 15
VisualStudioVersion = 15.0.27130.2010
MinimumVisualStudioVersion = 10.0.40219.1
Project("{FAE04EC0-301F-11D3-BF4B-00C04F79EFBC}") = "keycuts.CLI", "keycuts.CLI\keycuts.CLI.csproj", "{5E4A91B5-CB7A-4284-88C6-C62F8F3C3C61}"
EndProject
Project("{FAE04EC0-301F-11D3-BF4B-00C04F79EFBC}") = "keycuts.GUI", "keycuts.GUI\keycuts.GUI.csproj", "{82526210-CF24-4279-84C6-E7B8ACF6E461}"
EndProject
Project("{FAE04EC0-301F-11D3-BF4B-00C04F79EFBC}") = "keycuts.Common", "keycuts.Common\keycuts.Common.csproj", "{D8F05096-F7DD-4926-B936-9B6EAB12BC02}"
EndProject
Project("{54435603-DBB4-11D2-8724-00A0C9A8B90C}") = "keycuts", "keycuts.Setup\keycuts.Setup.vdproj", "{CF0CEFE4-D18F-483C-94C1-9E02D365ADA9}"
EndProject
Global
	GlobalSection(SolutionConfigurationPlatforms) = preSolution
		Debug|Any CPU = Debug|Any CPU
		Release|Any CPU = Release|Any CPU
	EndGlobalSection
	GlobalSection(ProjectConfigurationPlatforms) = postSolution
		{5E4A91B5-CB7A-4284-88C6-C62F8F3C3C61}.Debug|Any CPU.ActiveCfg = Debug|Any CPU
		{5E4A91B5-CB7A-4284-88C6-C62F8F3C3C61}.Debug|Any CPU.Build.0 = Debug|Any CPU
		{5E4A91B5-CB7A-4284-88C6-C62F8F3C3C61}.Release|Any CPU.ActiveCfg = Release|Any CPU
		{5E4A91B5-CB7A-4284-88C6-C62F8F3C3C61}.Release|Any CPU.Build.0 = Release|Any CPU
		{82526210-CF24-4279-84C6-E7B8ACF6E461}.Debug|Any CPU.ActiveCfg = Debug|Any CPU
		{82526210-CF24-4279-84C6-E7B8ACF6E461}.Debug|Any CPU.Build.0 = Debug|Any CPU
		{82526210-CF24-4279-84C6-E7B8ACF6E461}.Release|Any CPU.ActiveCfg = Release|Any CPU
		{82526210-CF24-4279-84C6-E7B8ACF6E461}.Release|Any CPU.Build.0 = Release|Any CPU
		{D8F05096-F7DD-4926-B936-9B6EAB12BC02}.Debug|Any CPU.ActiveCfg = Debug|Any CPU
		{D8F05096-F7DD-4926-B936-9B6EAB12BC02}.Debug|Any CPU.Build.0 = Debug|Any CPU
		{D8F05096-F7DD-4926-B936-9B6EAB12BC02}.Release|Any CPU.ActiveCfg = Release|Any CPU
		{D8F05096-F7DD-4926-B936-9B6EAB12BC02}.Release|Any CPU.Build.0 = Release|Any CPU
		{CF0CEFE4-D18F-483C-94C1-9E02D365ADA9}.Debug|Any CPU.ActiveCfg = Debug
		{CF0CEFE4-D18F-483C-94C1-9E02D365ADA9}.Release|Any CPU.ActiveCfg = Release
		{CF0CEFE4-D18F-483C-94C1-9E02D365ADA9}.Release|Any CPU.Build.0 = Release
	EndGlobalSection
	GlobalSection(SolutionProperties) = preSolution
		HideSolutionNode = FALSE
	EndGlobalSection
	GlobalSection(ExtensibilityGlobals) = postSolution
		SolutionGuid = {4D41FDE2-DC6E-4057-854A-5EBE2A46DB50}
	EndGlobalSection
EndGlobal
